
Microsoft Visual Studio Solution File, Format Version 12.00
# Visual Studio Version 17
VisualStudioVersion = 17.1.32414.318
MinimumVisualStudioVersion = 10.0.40219.1
Project("{2150E333-8FDC-42A3-9474-1A3956D46DE8}") = "Host", "Host", "{8098503D-B5B1-4739-B169-B0AB38D97948}"
EndProject
Project("{FAE04EC0-301F-11D3-BF4B-00C04F79EFBC}") = "API", "API\API.csproj", "{211B2182-1EEE-415C-A077-985A036D265E}"
EndProject
Project("{2150E333-8FDC-42A3-9474-1A3956D46DE8}") = "Modules", "Modules", "{5ED0C1E0-4C3F-4467-B433-954B11339EED}"
EndProject
Project("{2150E333-8FDC-42A3-9474-1A3956D46DE8}") = "Catalog", "Catalog", "{B919025B-6C76-4317-8FA3-FD40CBC5F224}"
EndProject
Project("{2150E333-8FDC-42A3-9474-1A3956D46DE8}") = "Shared", "Shared", "{76184366-7F37-4D38-9CC3-1CBFEDFB5D89}"
EndProject
Project("{FAE04EC0-301F-11D3-BF4B-00C04F79EFBC}") = "Module.Catalog", "Module.Catalog\Module.Catalog.csproj", "{7A4B32B1-B685-4998-BFCE-7DE11D87E1F1}"
EndProject
Project("{FAE04EC0-301F-11D3-BF4B-00C04F79EFBC}") = "Module.Catalog.Core", "Module.Catalog.Core\Module.Catalog.Core.csproj", "{00FD927E-ECA3-4302-BEA4-7CFA7B7DF936}"
EndProject
Project("{FAE04EC0-301F-11D3-BF4B-00C04F79EFBC}") = "Module.Catalog.Infrastructure", "Module.Catalog.Infrastructure\Module.Catalog.Infrastructure.csproj", "{2FE54BF8-F0D6-466F-B11E-88255296BDF8}"
EndProject
Project("{FAE04EC0-301F-11D3-BF4B-00C04F79EFBC}") = "Shared.Core", "Shared.Core\Shared.Core.csproj", "{44281BC5-1BFD-4B3B-B51C-6D22DFFC1CF6}"
EndProject
Project("{FAE04EC0-301F-11D3-BF4B-00C04F79EFBC}") = "Shared.Infrastructure", "Shared.Infrastructure\Shared.Infrastructure.csproj", "{3BA71463-B643-44D6-8CEE-870FAAC19E2A}"
EndProject
Project("{FAE04EC0-301F-11D3-BF4B-00C04F79EFBC}") = "Shared.Models", "Shared.Models\Shared.Models.csproj", "{14B7B57F-0312-4985-83EA-ECFFD2FB8495}"
EndProject
Global
	GlobalSection(SolutionConfigurationPlatforms) = preSolution
		Debug|Any CPU = Debug|Any CPU
		Release|Any CPU = Release|Any CPU
	EndGlobalSection
	GlobalSection(ProjectConfigurationPlatforms) = postSolution
		{211B2182-1EEE-415C-A077-985A036D265E}.Debug|Any CPU.ActiveCfg = Debug|Any CPU
		{211B2182-1EEE-415C-A077-985A036D265E}.Debug|Any CPU.Build.0 = Debug|Any CPU
		{211B2182-1EEE-415C-A077-985A036D265E}.Release|Any CPU.ActiveCfg = Release|Any CPU
		{211B2182-1EEE-415C-A077-985A036D265E}.Release|Any CPU.Build.0 = Release|Any CPU
		{7A4B32B1-B685-4998-BFCE-7DE11D87E1F1}.Debug|Any CPU.ActiveCfg = Debug|Any CPU
		{7A4B32B1-B685-4998-BFCE-7DE11D87E1F1}.Debug|Any CPU.Build.0 = Debug|Any CPU
		{7A4B32B1-B685-4998-BFCE-7DE11D87E1F1}.Release|Any CPU.ActiveCfg = Release|Any CPU
		{7A4B32B1-B685-4998-BFCE-7DE11D87E1F1}.Release|Any CPU.Build.0 = Release|Any CPU
		{00FD927E-ECA3-4302-BEA4-7CFA7B7DF936}.Debug|Any CPU.ActiveCfg = Debug|Any CPU
		{00FD927E-ECA3-4302-BEA4-7CFA7B7DF936}.Debug|Any CPU.Build.0 = Debug|Any CPU
		{00FD927E-ECA3-4302-BEA4-7CFA7B7DF936}.Release|Any CPU.ActiveCfg = Release|Any CPU
		{00FD927E-ECA3-4302-BEA4-7CFA7B7DF936}.Release|Any CPU.Build.0 = Release|Any CPU
		{2FE54BF8-F0D6-466F-B11E-88255296BDF8}.Debug|Any CPU.ActiveCfg = Debug|Any CPU
		{2FE54BF8-F0D6-466F-B11E-88255296BDF8}.Debug|Any CPU.Build.0 = Debug|Any CPU
		{2FE54BF8-F0D6-466F-B11E-88255296BDF8}.Release|Any CPU.ActiveCfg = Release|Any CPU
		{2FE54BF8-F0D6-466F-B11E-88255296BDF8}.Release|Any CPU.Build.0 = Release|Any CPU
		{44281BC5-1BFD-4B3B-B51C-6D22DFFC1CF6}.Debug|Any CPU.ActiveCfg = Debug|Any CPU
		{44281BC5-1BFD-4B3B-B51C-6D22DFFC1CF6}.Debug|Any CPU.Build.0 = Debug|Any CPU
		{44281BC5-1BFD-4B3B-B51C-6D22DFFC1CF6}.Release|Any CPU.ActiveCfg = Release|Any CPU
		{44281BC5-1BFD-4B3B-B51C-6D22DFFC1CF6}.Release|Any CPU.Build.0 = Release|Any CPU
		{3BA71463-B643-44D6-8CEE-870FAAC19E2A}.Debug|Any CPU.ActiveCfg = Debug|Any CPU
		{3BA71463-B643-44D6-8CEE-870FAAC19E2A}.Debug|Any CPU.Build.0 = Debug|Any CPU
		{3BA71463-B643-44D6-8CEE-870FAAC19E2A}.Release|Any CPU.ActiveCfg = Release|Any CPU
		{3BA71463-B643-44D6-8CEE-870FAAC19E2A}.Release|Any CPU.Build.0 = Release|Any CPU
		{14B7B57F-0312-4985-83EA-ECFFD2FB8495}.Debug|Any CPU.ActiveCfg = Debug|Any CPU
		{14B7B57F-0312-4985-83EA-ECFFD2FB8495}.Debug|Any CPU.Build.0 = Debug|Any CPU
		{14B7B57F-0312-4985-83EA-ECFFD2FB8495}.Release|Any CPU.ActiveCfg = Release|Any CPU
		{14B7B57F-0312-4985-83EA-ECFFD2FB8495}.Release|Any CPU.Build.0 = Release|Any CPU
	EndGlobalSection
	GlobalSection(SolutionProperties) = preSolution
		HideSolutionNode = FALSE
	EndGlobalSection
	GlobalSection(NestedProjects) = preSolution
		{211B2182-1EEE-415C-A077-985A036D265E} = {8098503D-B5B1-4739-B169-B0AB38D97948}
		{B919025B-6C76-4317-8FA3-FD40CBC5F224} = {5ED0C1E0-4C3F-4467-B433-954B11339EED}
		{7A4B32B1-B685-4998-BFCE-7DE11D87E1F1} = {B919025B-6C76-4317-8FA3-FD40CBC5F224}
		{00FD927E-ECA3-4302-BEA4-7CFA7B7DF936} = {B919025B-6C76-4317-8FA3-FD40CBC5F224}
		{2FE54BF8-F0D6-466F-B11E-88255296BDF8} = {B919025B-6C76-4317-8FA3-FD40CBC5F224}
		{44281BC5-1BFD-4B3B-B51C-6D22DFFC1CF6} = {76184366-7F37-4D38-9CC3-1CBFEDFB5D89}
		{3BA71463-B643-44D6-8CEE-870FAAC19E2A} = {76184366-7F37-4D38-9CC3-1CBFEDFB5D89}
		{14B7B57F-0312-4985-83EA-ECFFD2FB8495} = {76184366-7F37-4D38-9CC3-1CBFEDFB5D89}
	EndGlobalSection
	GlobalSection(ExtensibilityGlobals) = postSolution
		SolutionGuid = {BAAD87B3-19D8-4ECE-865E-597CAE771434}
	EndGlobalSection
EndGlobal
